# This file is automatically @generated by Poetry 1.7.1 and should not be changed by hand.

[[package]]
name = "desbordante"
version = "1.1.0"
description = "Science-intensive high-performance data profiler"
optional = false
python-versions = ">=3.7"
files = [
    {file = "desbordante-1.1.0-cp310-cp310-manylinux_2_17_x86_64.manylinux2014_x86_64.whl", hash = "sha256:d6ac9c19ffaefc5a6a85908c47069988d3993f7ef46ff40cf931358959d25395"},
    {file = "desbordante-1.1.0-cp311-cp311-manylinux_2_17_x86_64.manylinux2014_x86_64.whl", hash = "sha256:01cc9c6733b1894ba04df78d41446a03b0d9bd3f0ce3dce33ae543c897568eb0"},
    {file = "desbordante-1.1.0-cp312-cp312-manylinux_2_17_x86_64.manylinux2014_x86_64.whl", hash = "sha256:70b99c90bea8156d63c5f40a94b48464b26c7da96987f18fb57baeda5558376d"},
    {file = "desbordante-1.1.0-cp37-cp37m-manylinux_2_17_x86_64.manylinux2014_x86_64.whl", hash = "sha256:7c00db13a79273b66dbcece0fcacc81cb9271993e77725108c4b8e0ed95188eb"},
    {file = "desbordante-1.1.0-cp38-cp38-manylinux_2_17_x86_64.manylinux2014_x86_64.whl", hash = "sha256:099f1852522684c0e42e6c8cb7ee32ac1d9bb9d87d1e5863bba81bf36e42d536"},
    {file = "desbordante-1.1.0-cp39-cp39-manylinux_2_17_x86_64.manylinux2014_x86_64.whl", hash = "sha256:a42cbef2c227acd26dfb6bb6209f28a440a6ea0f1f4e770c338e03c19467a948"},
    {file = "desbordante-1.1.0-pp310-pypy310_pp73-manylinux_2_17_x86_64.manylinux2014_x86_64.whl", hash = "sha256:7075e865b830ca194ed77ba21f8667fb8f87a47a1313ba7cb83f6c506fed05c0"},
    {file = "desbordante-1.1.0-pp37-pypy37_pp73-manylinux_2_17_x86_64.manylinux2014_x86_64.whl", hash = "sha256:19413ecb9f1215672500ffae4c806bee27a286d83704952085e4dbb37f22aeb3"},
    {file = "desbordante-1.1.0-pp38-pypy38_pp73-manylinux_2_17_x86_64.manylinux2014_x86_64.whl", hash = "sha256:798b12cfd28d7354aec251cae1adf75fa0a5c3a9c757b8a4ab11840a56332b1e"},
    {file = "desbordante-1.1.0-pp39-pypy39_pp73-manylinux_2_17_x86_64.manylinux2014_x86_64.whl", hash = "sha256:a69a17ba645e8547564167817628260761ec5ade26d3fbb49112eeddc7813717"},
]

[[package]]
name = "pybind11-stubgen"
version = "2.4.2"
description = "PEP 561 type stubs generator for pybind11 modules"
optional = false
python-versions = "~=3.7"
files = [
    {file = "pybind11-stubgen-2.4.2.tar.gz", hash = "sha256:e9bf7ddb06d4aa94a86f390fe72fbd3f66b0b065db2462da0895553049674b1c"},
    {file = "pybind11_stubgen-2.4.2-py3-none-any.whl", hash = "sha256:b1bb42b81162a25abc062c0b5a03ccb60fd89c6124be199e945ea76849cd3421"},
]

[metadata]
lock-version = "2.0"
python-versions = "^3.11"
content-hash = "e2e74bd9c24e336fc11a73eac5200c5dc635d8977582742a0bbae8f249604a3b"
